
Microsoft Visual Studio Solution File, Format Version 12.00
# Visual Studio Version 17
VisualStudioVersion = 17.5.002.0
MinimumVisualStudioVersion = 10.0.40219.1
Project("{9A19103F-16F7-4668-BE54-9A1E7A4F7556}") = "RedisRestorani", "RedisRestorani.csproj", "{A9468D28-C50C-45A8-9021-5C8F6EBC088E}"
EndProject
Global
	GlobalSection(SolutionConfigurationPlatforms) = preSolution
		Debug|Any CPU = Debug|Any CPU
		Release|Any CPU = Release|Any CPU
	EndGlobalSection
	GlobalSection(ProjectConfigurationPlatforms) = postSolution
		{A9468D28-C50C-45A8-9021-5C8F6EBC088E}.Debug|Any CPU.ActiveCfg = Debug|Any CPU
		{A9468D28-C50C-45A8-9021-5C8F6EBC088E}.Debug|Any CPU.Build.0 = Debug|Any CPU
		{A9468D28-C50C-45A8-9021-5C8F6EBC088E}.Release|Any CPU.ActiveCfg = Release|Any CPU
		{A9468D28-C50C-45A8-9021-5C8F6EBC088E}.Release|Any CPU.Build.0 = Release|Any CPU
	EndGlobalSection
	GlobalSection(SolutionProperties) = preSolution
		HideSolutionNode = FALSE
	EndGlobalSection
	GlobalSection(ExtensibilityGlobals) = postSolution
		SolutionGuid = {D710FA52-0491-47C6-9ACD-004DCF746F90}
	EndGlobalSection
EndGlobal
